// !$*UTF8*$!
{
	archiveVersion = 1;
	classes = {
	};
	objectVersion = 46;
	objects = {

/* Begin PBXBuildFile section */
		D3C7ADC51D0FB446007B620F /* AppDelegate.swift in Sources */ = {isa = PBXBuildFile; fileRef = D3C7ADC41D0FB446007B620F /* AppDelegate.swift */; };
		D3C7ADC71D0FB446007B620F /* ViewController.swift in Sources */ = {isa = PBXBuildFile; fileRef = D3C7ADC61D0FB446007B620F /* ViewController.swift */; };
		D3C7ADCA1D0FB446007B620F /* Main.storyboard in Resources */ = {isa = PBXBuildFile; fileRef = D3C7ADC81D0FB446007B620F /* Main.storyboard */; };
		D3C7ADCC1D0FB446007B620F /* Assets.xcassets in Resources */ = {isa = PBXBuildFile; fileRef = D3C7ADCB1D0FB446007B620F /* Assets.xcassets */; };
		D3C7ADCF1D0FB446007B620F /* LaunchScreen.storyboard in Resources */ = {isa = PBXBuildFile; fileRef = D3C7ADCD1D0FB446007B620F /* LaunchScreen.storyboard */; };
/* End PBXBuildFile section */

/* Begin PBXFileReference section */
		D3C7ADC11D0FB445007B620F /* YSYRunloopDemo.app */ = {isa = PBXFileReference; explicitFileType = wrapper.application; includeInIndex = 0; path = YSYRunloopDemo.app; sourceTree = BUILT_PRODUCTS_DIR; };
		D3C7ADC41D0FB446007B620F /* AppDelegate.swift */ = {isa = PBXFileReference; lastKnownFileType = sourcecode.swift; path = AppDelegate.swift; sourceTree = "<group>"; };
		D3C7ADC61D0FB446007B620F /* ViewController.swift */ = {isa = PBXFileReference; lastKnownFileType = sourcecode.swift; path = ViewController.swift; sourceTree = "<group>"; };
		D3C7ADC91D0FB446007B620F /* Base */ = {isa = PBXFileReference; lastKnownFileType = file.storyboard; name = Base; path = Base.lproj/Main.storyboard; sourceTree = "<group>"; };
		D3C7ADCB1D0FB446007B620F /* Assets.xcassets */ = {isa = PBXFileReference; lastKnownFileType = folder.assetcatalog; path = Assets.xcassets; sourceTree = "<group>"; };
		D3C7ADCE1D0FB446007B620F /* Base */ = {isa = PBXFileReference; lastKnownFileType = file.storyboard; name = Base; path = Base.lproj/LaunchScreen.storyboard; sourceTree = "<group>"; };
		D3C7ADD01D0FB446007B620F /* Info.plist */ = {isa = PBXFileReference; lastKnownFileType = text.plist.xml; path = Info.plist; sourceTree = "<group>"; };
/* End PBXFileReference section */

/* Begin PBXFrameworksBuildPhase section */
		D3C7ADBE1D0FB445007B620F /* Frameworks */ = {
			isa = PBXFrameworksBuildPhase;
			buildActionMask = 2147483647;
			files = (
			);
			runOnlyForDeploymentPostprocessing = 0;
		};
/* End PBXFrameworksBuildPhase section */

/* Begin PBXGroup section */
		D3C7ADB81D0FB445007B620F = {
			isa = PBXGroup;
			children = (
				D3C7ADC31D0FB445007B620F /* YSYRunloopDemo */,
				D3C7ADC21D0FB445007B620F /* Products */,
			);
			sourceTree = "<group>";
		};
		D3C7ADC21D0FB445007B620F /* Products */ = {
			isa = PBXGroup;
			children = (
				D3C7ADC11D0FB445007B620F /* YSYRunloopDemo.app */,
			);
			name = Products;
			sourceTree = "<group>";
		};
		D3C7ADC31D0FB445007B620F /* YSYRunloopDemo */ = {
			isa = PBXGroup;
			children = (
				D3C7ADC41D0FB446007B620F /* AppDelegate.swift */,
				D3C7ADC61D0FB446007B620F /* ViewController.swift */,
				D3C7ADC81D0FB446007B620F /* Main.storyboard */,
				D3C7ADCB1D0FB446007B620F /* Assets.xcassets */,
				D3C7ADCD1D0FB446007B620F /* LaunchScreen.storyboard */,
				D3C7ADD01D0FB446007B620F /* Info.plist */,
			);
			path = YSYRunloopDemo;
			sourceTree = "<group>";
		};
/* End PBXGroup section */

/* Begin PBXNativeTarget section */
		D3C7ADC01D0FB445007B620F /* YSYRunloopDemo */ = {
			isa = PBXNativeTarget;
			buildConfigurationList = D3C7ADD31D0FB446007B620F /* Build configuration list for PBXNativeTarget "YSYRunloopDemo" */;
			buildPhases = (
				D3C7ADBD1D0FB445007B620F /* Sources */,
				D3C7ADBE1D0FB445007B620F /* Frameworks */,
				D3C7ADBF1D0FB445007B620F /* Resources */,
			);
			buildRules = (
			);
			dependencies = (
			);
			name = YSYRunloopDemo;
			productName = YSYRunloopDemo;
			productReference = D3C7ADC11D0FB445007B620F /* YSYRunloopDemo.app */;
			productType = "com.apple.product-type.application";
		};
/* End PBXNativeTarget section */

/* Begin PBXProject section */
		D3C7ADB91D0FB445007B620F /* Project object */ = {
			isa = PBXProject;
			attributes = {
				LastSwiftUpdateCheck = 0730;
				LastUpgradeCheck = 0730;
				ORGANIZATIONNAME = yushengyang;
				TargetAttributes = {
					D3C7ADC01D0FB445007B620F = {
						CreatedOnToolsVersion = 7.3;
					};
				};
			};
			buildConfigurationList = D3C7ADBC1D0FB445007B620F /* Build configuration list for PBXProject "YSYRunloopDemo" */;
			compatibilityVersion = "Xcode 3.2";
			developmentRegion = English;
			hasScannedForEncodings = 0;
			knownRegions = (
				en,
				Base,
			);
			mainGroup = D3C7ADB81D0FB445007B620F;
			productRefGroup = D3C7ADC21D0FB445007B620F /* Products */;
			projectDirPath = "";
			projectRoot = "";
			targets = (
				D3C7ADC01D0FB445007B620F /* YSYRunloopDemo */,
			);
		};
/* End PBXProject section */

/* Begin PBXResourcesBuildPhase section */
		D3C7ADBF1D0FB445007B620F /* Resources */ = {
			isa = PBXResourcesBuildPhase;
			buildActionMask = 2147483647;
			files = (
				D3C7ADCF1D0FB446007B620F /* LaunchScreen.storyboard in Resources */,
				D3C7ADCC1D0FB446007B620F /* Assets.xcassets in Resources */,
				D3C7ADCA1D0FB446007B620F /* Main.storyboard in Resources */,
			);
			runOnlyForDeploymentPostprocessing = 0;
		};
/* End PBXResourcesBuildPhase section */

/* Begin PBXSourcesBuildPhase section */
		D3C7ADBD1D0FB445007B620F /* Sources */ = {
			isa = PBXSourcesBuildPhase;
			buildActionMask = 2147483647;
			files = (
				D3C7ADC71D0FB446007B620F /* ViewController.swift in Sources */,
				D3C7ADC51D0FB446007B620F /* AppDelegate.swift in Sources */,
			);
			runOnlyForDeploymentPostprocessing = 0;
		};
/* End PBXSourcesBuildPhase section */

/* Begin PBXVariantGroup section */
		D3C7ADC81D0FB446007B620F /* Main.storyboard */ = {
			isa = PBXVariantGroup;
			children = (
				D3C7ADC91D0FB446007B620F /* Base */,
			);
			name = Main.storyboard;
			sourceTree = "<group>";
		};
		D3C7ADCD1D0FB446007B620F /* LaunchScreen.storyboard */ = {
			isa = PBXVariantGroup;
			children = (
				D3C7ADCE1D0FB446007B620F /* Base */,
			);
			name = LaunchScreen.storyboard;
			sourceTree = "<group>";
		};
/* End PBXVariantGroup section */

/* Begin XCBuildConfiguration section */
		D3C7ADD11D0FB446007B620F /* Debug */ = {
			isa = XCBuildConfiguration;
			buildSettings = {
				ALWAYS_SEARCH_USER_PATHS = NO;
				CLANG_ANALYZER_NONNULL = YES;
				CLANG_CXX_LANGUAGE_STANDARD = "gnu++0x";
				CLANG_CXX_LIBRARY = "libc++";
				CLANG_ENABLE_MODULES = YES;
				CLANG_ENABLE_OBJC_ARC = YES;
				CLANG_WARN_BOOL_CONVERSION = YES;
				CLANG_WARN_CONSTANT_CONVERSION = YES;
				CLANG_WARN_DIRECT_OBJC_ISA_USAGE = YES_ERROR;
				CLANG_WARN_EMPTY_BODY = YES;
				CLANG_WARN_ENUM_CONVERSION = YES;
				CLANG_WARN_INT_CONVERSION = YES;
				CLANG_WARN_OBJC_ROOT_CLASS = YES_ERROR;
				CLANG_WARN_UNREACHABLE_CODE = YES;
				CLANG_WARN__DUPLICATE_METHOD_MATCH = YES;
				"CODE_SIGN_IDENTITY[sdk=iphoneos*]" = "iPhone Developer";
				COPY_PHASE_STRIP = NO;
				DEBUG_INFORMATION_FORMAT = dwarf;
				ENABLE_STRICT_OBJC_MSGSEND = YES;
				ENABLE_TESTABILITY = YES;
				GCC_C_LANGUAGE_STANDARD = gnu99;
				GCC_DYNAMIC_NO_PIC = NO;
				GCC_NO_COMMON_BLOCKS = YES;
				GCC_OPTIMIZATION_LEVEL = 0;
				GCC_PREPROCESSOR_DEFINITIONS = (
					"DEBUG=1",
					"$(inherited)",
				);
				GCC_WARN_64_TO_32_BIT_CONVERSION = YES;
				GCC_WARN_ABOUT_RETURN_TYPE = YES_ERROR;
				GCC_WARN_UNDECLARED_SELECTOR = YES;
				GCC_WARN_UNINITIALIZED_AUTOS = YES_AGGRESSIVE;
				GCC_WARN_UNUSED_FUNCTION = YES;
				GCC_WARN_UNUSED_VARIABLE = YES;
				IPHONEOS_DEPLOYMENT_TARGET = 9.3;
				MTL_ENABLE_DEBUG_INFO = YES;
				ONLY_ACTIVE_ARCH = YES;
				SDKROOT = iphoneos;
				SWIFT_OPTIMIZATION_LEVEL = "-Onone";
			};
			name = Debug;
		};
		D3C7ADD21D0FB446007B620F /* Release */ = {
			isa = XCBuildConfiguration;
			buildSettings = {
				ALWAYS_SEARCH_USER_PATHS = NO;
				CLANG_ANALYZER_NONNULL = YES;
				CLANG_CXX_LANGUAGE_STANDARD = "gnu++0x";
				CLANG_CXX_LIBRARY = "libc++";
				CLANG_ENABLE_MODULES = YES;
				CLANG_ENABLE_OBJC_ARC = YES;
				CLANG_WARN_BOOL_CONVERSION = YES;
				CLANG_WARN_CONSTANT_CONVERSION = YES;
				CLANG_WARN_DIRECT_OBJC_ISA_USAGE = YES_ERROR;
				CLANG_WARN_EMPTY_BODY = YES;
				CLANG_WARN_ENUM_CONVERSION = YES;
				CLANG_WARN_INT_CONVERSION = YES;
				CLANG_WARN_OBJC_ROOT_CLASS = YES_ERROR;
				CLANG_WARN_UNREACHABLE_CODE = YES;
				CLANG_WARN__DUPLICATE_METHOD_MATCH = YES;
				"CODE_SIGN_IDENTITY[sdk=iphoneos*]" = "iPhone Developer";
				COPY_PHASE_STRIP = NO;
				DEBUG_INFORMATION_FORMAT = "dwarf-with-dsym";
				ENABLE_NS_ASSERTIONS = NO;
				ENABLE_STRICT_OBJC_MSGSEND = YES;
				GCC_C_LANGUAGE_STANDARD = gnu99;
				GCC_NO_COMMON_BLOCKS = YES;
				GCC_WARN_64_TO_32_BIT_CONVERSION = YES;
				GCC_WARN_ABOUT_RETURN_TYPE = YES_ERROR;
				GCC_WARN_UNDECLARED_SELECTOR = YES;
				GCC_WARN_UNINITIALIZED_AUTOS = YES_AGGRESSIVE;
				GCC_WARN_UNUSED_FUNCTION = YES;
				GCC_WARN_UNUSED_VARIABLE = YES;
				IPHONEOS_DEPLOYMENT_TARGET = 9.3;
				MTL_ENABLE_DEBUG_INFO = NO;
				SDKROOT = iphoneos;
				VALIDATE_PRODUCT = YES;
			};
			name = Release;
		};
		D3C7ADD41D0FB446007B620F /* Debug */ = {
			isa = XCBuildConfiguration;
			buildSettings = {
				ASSETCATALOG_COMPILER_APPICON_NAME = AppIcon;
				INFOPLIST_FILE = YSYRunloopDemo/Info.plist;
				LD_RUNPATH_SEARCH_PATHS = "$(inherited) @executable_path/Frameworks";
				PRODUCT_BUNDLE_IDENTIFIER = com.ule.YSYRunloopDemo;
				PRODUCT_NAME = "$(TARGET_NAME)";
			};
			name = Debug;
		};
		D3C7ADD51D0FB446007B620F /* Release */ = {
			isa = XCBuildConfiguration;
			buildSettings = {
				ASSETCATALOG_COMPILER_APPICON_NAME = AppIcon;
				INFOPLIST_FILE = YSYRunloopDemo/Info.plist;
				LD_RUNPATH_SEARCH_PATHS = "$(inherited) @executable_path/Frameworks";
				PRODUCT_BUNDLE_IDENTIFIER = com.ule.YSYRunloopDemo;
				PRODUCT_NAME = "$(TARGET_NAME)";
			};
			name = Release;
		};
/* End XCBuildConfiguration section */

/* Begin XCConfigurationList section */
		D3C7ADBC1D0FB445007B620F /* Build configuration list for PBXProject "YSYRunloopDemo" */ = {
			isa = XCConfigurationList;
			buildConfigurations = (
				D3C7ADD11D0FB446007B620F /* Debug */,
				D3C7ADD21D0FB446007B620F /* Release */,
			);
			defaultConfigurationIsVisible = 0;
			defaultConfigurationName = Release;
		};
		D3C7ADD31D0FB446007B620F /* Build configuration list for PBXNativeTarget "YSYRunloopDemo" */ = {
			isa = XCConfigurationList;
			buildConfigurations = (
				D3C7ADD41D0FB446007B620F /* Debug */,
				D3C7ADD51D0FB446007B620F /* Release */,
			);
			defaultConfigurationIsVisible = 0;
			defaultConfigurationName = Release;
		};
/* End XCConfigurationList section */
	};
	rootObject = D3C7ADB91D0FB445007B620F /* Project object */;
}
